
Microsoft Visual Studio Solution File, Format Version 12.00
# Visual Studio Version 17
VisualStudioVersion = 17.0.32014.148
MinimumVisualStudioVersion = 10.0.40219.1
Project("{9A19103F-16F7-4668-BE54-9A1E7A4F7556}") = "simple_rpg_dice_console", "simple_rpg_dice_console.csproj", "{44D24289-FFFD-4E8F-ADA9-AB132D90B08A}"
EndProject
Global
	GlobalSection(SolutionConfigurationPlatforms) = preSolution
		Debug|Any CPU = Debug|Any CPU
		Release|Any CPU = Release|Any CPU
	EndGlobalSection
	GlobalSection(ProjectConfigurationPlatforms) = postSolution
		{44D24289-FFFD-4E8F-ADA9-AB132D90B08A}.Debug|Any CPU.ActiveCfg = Debug|Any CPU
		{44D24289-FFFD-4E8F-ADA9-AB132D90B08A}.Debug|Any CPU.Build.0 = Debug|Any CPU
		{44D24289-FFFD-4E8F-ADA9-AB132D90B08A}.Release|Any CPU.ActiveCfg = Release|Any CPU
		{44D24289-FFFD-4E8F-ADA9-AB132D90B08A}.Release|Any CPU.Build.0 = Release|Any CPU
	EndGlobalSection
	GlobalSection(SolutionProperties) = preSolution
		HideSolutionNode = FALSE
	EndGlobalSection
	GlobalSection(ExtensibilityGlobals) = postSolution
		SolutionGuid = {E8FAB8EC-9955-4B66-BB71-6743C5DBE041}
	EndGlobalSection
EndGlobal
